
Microsoft Visual Studio Solution File, Format Version 12.00
Project("{FAE04EC0-301F-11D3-BF4B-00C04F79EFBC}") = "Luban.Runner", "Luban.Runner\Luban.Runner.csproj", "{02BE7008-8009-4A99-AAE9-1BD2DAEE466C}"
EndProject
Project("{FAE04EC0-301F-11D3-BF4B-00C04F79EFBC}") = "Luban.DataTarget.Json.Newtonsoft", "Luban.DataTarget.Json.Newtonsoft\Luban.DataTarget.Json.Newtonsoft.csproj", "{6564FCB7-88BB-4A79-BD1E-0B00F842C31A}"
EndProject
Project("{2150E333-8FDC-42A3-9474-1A3956D46DE8}") = "Luban", "Luban", "{76363659-596F-4597-A1D1-6B4FA8EBAC6D}"
EndProject
Project("{2150E333-8FDC-42A3-9474-1A3956D46DE8}") = "Plugins", "Plugins", "{C353A773-2349-4607-90B5-75DE48685B87}"
EndProject
Project("{FAE04EC0-301F-11D3-BF4B-00C04F79EFBC}") = "Luban", "..\Luban\src\Luban\Luban.csproj", "{31D2C711-DBD8-43EF-9575-D27A07FDCB3F}"
EndProject
Project("{FAE04EC0-301F-11D3-BF4B-00C04F79EFBC}") = "Luban.Bson", "..\Luban\src\Luban.Bson\Luban.Bson.csproj", "{AE047C51-74CC-4967-BE55-8C261182F3DA}"
EndProject
Project("{FAE04EC0-301F-11D3-BF4B-00C04F79EFBC}") = "Luban.Core", "..\Luban\src\Luban.Core\Luban.Core.csproj", "{ECA94A7E-5516-4D9E-8355-D41C6D091841}"
EndProject
Project("{FAE04EC0-301F-11D3-BF4B-00C04F79EFBC}") = "Luban.Cpp", "..\Luban\src\Luban.Cpp\Luban.Cpp.csproj", "{4277B100-E301-4AC5-A1DE-9E0E9F872252}"
EndProject
Project("{FAE04EC0-301F-11D3-BF4B-00C04F79EFBC}") = "Luban.CSharp", "..\Luban\src\Luban.CSharp\Luban.CSharp.csproj", "{47B228CB-FF43-4F7B-9BD2-4112544A2BB0}"
EndProject
Project("{FAE04EC0-301F-11D3-BF4B-00C04F79EFBC}") = "Luban.DataLoader.Builtin", "..\Luban\src\Luban.DataLoader.Builtin\Luban.DataLoader.Builtin.csproj", "{2A1D7305-C25F-4FDC-811F-1C23C1405CDC}"
EndProject
Project("{FAE04EC0-301F-11D3-BF4B-00C04F79EFBC}") = "Luban.DataTarget.Builtin", "..\Luban\src\Luban.DataTarget.Builtin\Luban.DataTarget.Builtin.csproj", "{35986278-736F-46EE-9FAF-075AFD82BFB8}"
EndProject
Project("{FAE04EC0-301F-11D3-BF4B-00C04F79EFBC}") = "Luban.DataValidator.Builtin", "..\Luban\src\Luban.DataValidator.Builtin\Luban.DataValidator.Builtin.csproj", "{3A36DEBB-7D92-40AF-9518-B63FEBAAE0AA}"
EndProject
Project("{FAE04EC0-301F-11D3-BF4B-00C04F79EFBC}") = "Luban.FlatBuffers", "..\Luban\src\Luban.FlatBuffers\Luban.FlatBuffers.csproj", "{941E30F3-9928-4FB8-9119-2A5FA98B6624}"
EndProject
Project("{FAE04EC0-301F-11D3-BF4B-00C04F79EFBC}") = "Luban.Gdscript", "..\Luban\src\Luban.Gdscript\Luban.Gdscript.csproj", "{C48AA367-39CF-4332-AD0B-54579CB28977}"
EndProject
Project("{FAE04EC0-301F-11D3-BF4B-00C04F79EFBC}") = "Luban.Golang", "..\Luban\src\Luban.Golang\Luban.Golang.csproj", "{E4F7A30A-4EA5-48CA-BC13-081A3E14AC00}"
EndProject
Project("{FAE04EC0-301F-11D3-BF4B-00C04F79EFBC}") = "Luban.Java", "..\Luban\src\Luban.Java\Luban.Java.csproj", "{7138BD55-2864-4F0B-AC59-277B4377C357}"
EndProject
Project("{FAE04EC0-301F-11D3-BF4B-00C04F79EFBC}") = "Luban.L10N", "..\Luban\src\Luban.L10N\Luban.L10N.csproj", "{68FA67CA-0CB8-413B-AC3C-82C9B6ECB6DE}"
EndProject
Project("{FAE04EC0-301F-11D3-BF4B-00C04F79EFBC}") = "Luban.Lua", "..\Luban\src\Luban.Lua\Luban.Lua.csproj", "{9E8F46DC-868B-42D3-B3A5-CFC084C5C904}"
EndProject
Project("{FAE04EC0-301F-11D3-BF4B-00C04F79EFBC}") = "Luban.MsgPack", "..\Luban\src\Luban.MsgPack\Luban.MsgPack.csproj", "{C84836A5-AEDC-4EE3-99F0-78AEED50082D}"
EndProject
Project("{FAE04EC0-301F-11D3-BF4B-00C04F79EFBC}") = "Luban.Protobuf", "..\Luban\src\Luban.Protobuf\Luban.Protobuf.csproj", "{E46AA101-F93D-4D67-880E-04ACFC31DC6B}"
EndProject
Project("{FAE04EC0-301F-11D3-BF4B-00C04F79EFBC}") = "Luban.Python", "..\Luban\src\Luban.Python\Luban.Python.csproj", "{9F4D7B3B-A87F-422E-9BC0-0DAC879665FC}"
EndProject
Project("{FAE04EC0-301F-11D3-BF4B-00C04F79EFBC}") = "Luban.Schema.Builtin", "..\Luban\src\Luban.Schema.Builtin\Luban.Schema.Builtin.csproj", "{17BE0DFC-4EAE-4B53-805C-2A53CFD26763}"
EndProject
Project("{FAE04EC0-301F-11D3-BF4B-00C04F79EFBC}") = "Luban.Typescript", "..\Luban\src\Luban.Typescript\Luban.Typescript.csproj", "{240B59CE-8C27-47B4-AED4-19DBA03E71B0}"
EndProject
Global
	GlobalSection(SolutionConfigurationPlatforms) = preSolution
		Debug|Any CPU = Debug|Any CPU
		Release|Any CPU = Release|Any CPU
	EndGlobalSection
	GlobalSection(ProjectConfigurationPlatforms) = postSolution
		{02BE7008-8009-4A99-AAE9-1BD2DAEE466C}.Debug|Any CPU.ActiveCfg = Debug|Any CPU
		{02BE7008-8009-4A99-AAE9-1BD2DAEE466C}.Debug|Any CPU.Build.0 = Debug|Any CPU
		{02BE7008-8009-4A99-AAE9-1BD2DAEE466C}.Release|Any CPU.ActiveCfg = Release|Any CPU
		{02BE7008-8009-4A99-AAE9-1BD2DAEE466C}.Release|Any CPU.Build.0 = Release|Any CPU
		{6564FCB7-88BB-4A79-BD1E-0B00F842C31A}.Debug|Any CPU.ActiveCfg = Debug|Any CPU
		{6564FCB7-88BB-4A79-BD1E-0B00F842C31A}.Debug|Any CPU.Build.0 = Debug|Any CPU
		{6564FCB7-88BB-4A79-BD1E-0B00F842C31A}.Release|Any CPU.ActiveCfg = Release|Any CPU
		{6564FCB7-88BB-4A79-BD1E-0B00F842C31A}.Release|Any CPU.Build.0 = Release|Any CPU
		{31D2C711-DBD8-43EF-9575-D27A07FDCB3F}.Debug|Any CPU.ActiveCfg = Debug|Any CPU
		{31D2C711-DBD8-43EF-9575-D27A07FDCB3F}.Debug|Any CPU.Build.0 = Debug|Any CPU
		{31D2C711-DBD8-43EF-9575-D27A07FDCB3F}.Release|Any CPU.ActiveCfg = Release|Any CPU
		{31D2C711-DBD8-43EF-9575-D27A07FDCB3F}.Release|Any CPU.Build.0 = Release|Any CPU
		{AE047C51-74CC-4967-BE55-8C261182F3DA}.Debug|Any CPU.ActiveCfg = Debug|Any CPU
		{AE047C51-74CC-4967-BE55-8C261182F3DA}.Debug|Any CPU.Build.0 = Debug|Any CPU
		{AE047C51-74CC-4967-BE55-8C261182F3DA}.Release|Any CPU.ActiveCfg = Release|Any CPU
		{AE047C51-74CC-4967-BE55-8C261182F3DA}.Release|Any CPU.Build.0 = Release|Any CPU
		{ECA94A7E-5516-4D9E-8355-D41C6D091841}.Debug|Any CPU.ActiveCfg = Debug|Any CPU
		{ECA94A7E-5516-4D9E-8355-D41C6D091841}.Debug|Any CPU.Build.0 = Debug|Any CPU
		{ECA94A7E-5516-4D9E-8355-D41C6D091841}.Release|Any CPU.ActiveCfg = Release|Any CPU
		{ECA94A7E-5516-4D9E-8355-D41C6D091841}.Release|Any CPU.Build.0 = Release|Any CPU
		{4277B100-E301-4AC5-A1DE-9E0E9F872252}.Debug|Any CPU.ActiveCfg = Debug|Any CPU
		{4277B100-E301-4AC5-A1DE-9E0E9F872252}.Debug|Any CPU.Build.0 = Debug|Any CPU
		{4277B100-E301-4AC5-A1DE-9E0E9F872252}.Release|Any CPU.ActiveCfg = Release|Any CPU
		{4277B100-E301-4AC5-A1DE-9E0E9F872252}.Release|Any CPU.Build.0 = Release|Any CPU
		{47B228CB-FF43-4F7B-9BD2-4112544A2BB0}.Debug|Any CPU.ActiveCfg = Debug|Any CPU
		{47B228CB-FF43-4F7B-9BD2-4112544A2BB0}.Debug|Any CPU.Build.0 = Debug|Any CPU
		{47B228CB-FF43-4F7B-9BD2-4112544A2BB0}.Release|Any CPU.ActiveCfg = Release|Any CPU
		{47B228CB-FF43-4F7B-9BD2-4112544A2BB0}.Release|Any CPU.Build.0 = Release|Any CPU
		{2A1D7305-C25F-4FDC-811F-1C23C1405CDC}.Debug|Any CPU.ActiveCfg = Debug|Any CPU
		{2A1D7305-C25F-4FDC-811F-1C23C1405CDC}.Debug|Any CPU.Build.0 = Debug|Any CPU
		{2A1D7305-C25F-4FDC-811F-1C23C1405CDC}.Release|Any CPU.ActiveCfg = Release|Any CPU
		{2A1D7305-C25F-4FDC-811F-1C23C1405CDC}.Release|Any CPU.Build.0 = Release|Any CPU
		{35986278-736F-46EE-9FAF-075AFD82BFB8}.Debug|Any CPU.ActiveCfg = Debug|Any CPU
		{35986278-736F-46EE-9FAF-075AFD82BFB8}.Debug|Any CPU.Build.0 = Debug|Any CPU
		{35986278-736F-46EE-9FAF-075AFD82BFB8}.Release|Any CPU.ActiveCfg = Release|Any CPU
		{35986278-736F-46EE-9FAF-075AFD82BFB8}.Release|Any CPU.Build.0 = Release|Any CPU
		{3A36DEBB-7D92-40AF-9518-B63FEBAAE0AA}.Debug|Any CPU.ActiveCfg = Debug|Any CPU
		{3A36DEBB-7D92-40AF-9518-B63FEBAAE0AA}.Debug|Any CPU.Build.0 = Debug|Any CPU
		{3A36DEBB-7D92-40AF-9518-B63FEBAAE0AA}.Release|Any CPU.ActiveCfg = Release|Any CPU
		{3A36DEBB-7D92-40AF-9518-B63FEBAAE0AA}.Release|Any CPU.Build.0 = Release|Any CPU
		{941E30F3-9928-4FB8-9119-2A5FA98B6624}.Debug|Any CPU.ActiveCfg = Debug|Any CPU
		{941E30F3-9928-4FB8-9119-2A5FA98B6624}.Debug|Any CPU.Build.0 = Debug|Any CPU
		{941E30F3-9928-4FB8-9119-2A5FA98B6624}.Release|Any CPU.ActiveCfg = Release|Any CPU
		{941E30F3-9928-4FB8-9119-2A5FA98B6624}.Release|Any CPU.Build.0 = Release|Any CPU
		{C48AA367-39CF-4332-AD0B-54579CB28977}.Debug|Any CPU.ActiveCfg = Debug|Any CPU
		{C48AA367-39CF-4332-AD0B-54579CB28977}.Debug|Any CPU.Build.0 = Debug|Any CPU
		{C48AA367-39CF-4332-AD0B-54579CB28977}.Release|Any CPU.ActiveCfg = Release|Any CPU
		{C48AA367-39CF-4332-AD0B-54579CB28977}.Release|Any CPU.Build.0 = Release|Any CPU
		{E4F7A30A-4EA5-48CA-BC13-081A3E14AC00}.Debug|Any CPU.ActiveCfg = Debug|Any CPU
		{E4F7A30A-4EA5-48CA-BC13-081A3E14AC00}.Debug|Any CPU.Build.0 = Debug|Any CPU
		{E4F7A30A-4EA5-48CA-BC13-081A3E14AC00}.Release|Any CPU.ActiveCfg = Release|Any CPU
		{E4F7A30A-4EA5-48CA-BC13-081A3E14AC00}.Release|Any CPU.Build.0 = Release|Any CPU
		{7138BD55-2864-4F0B-AC59-277B4377C357}.Debug|Any CPU.ActiveCfg = Debug|Any CPU
		{7138BD55-2864-4F0B-AC59-277B4377C357}.Debug|Any CPU.Build.0 = Debug|Any CPU
		{7138BD55-2864-4F0B-AC59-277B4377C357}.Release|Any CPU.ActiveCfg = Release|Any CPU
		{7138BD55-2864-4F0B-AC59-277B4377C357}.Release|Any CPU.Build.0 = Release|Any CPU
		{68FA67CA-0CB8-413B-AC3C-82C9B6ECB6DE}.Debug|Any CPU.ActiveCfg = Debug|Any CPU
		{68FA67CA-0CB8-413B-AC3C-82C9B6ECB6DE}.Debug|Any CPU.Build.0 = Debug|Any CPU
		{68FA67CA-0CB8-413B-AC3C-82C9B6ECB6DE}.Release|Any CPU.ActiveCfg = Release|Any CPU
		{68FA67CA-0CB8-413B-AC3C-82C9B6ECB6DE}.Release|Any CPU.Build.0 = Release|Any CPU
		{9E8F46DC-868B-42D3-B3A5-CFC084C5C904}.Debug|Any CPU.ActiveCfg = Debug|Any CPU
		{9E8F46DC-868B-42D3-B3A5-CFC084C5C904}.Debug|Any CPU.Build.0 = Debug|Any CPU
		{9E8F46DC-868B-42D3-B3A5-CFC084C5C904}.Release|Any CPU.ActiveCfg = Release|Any CPU
		{9E8F46DC-868B-42D3-B3A5-CFC084C5C904}.Release|Any CPU.Build.0 = Release|Any CPU
		{C84836A5-AEDC-4EE3-99F0-78AEED50082D}.Debug|Any CPU.ActiveCfg = Debug|Any CPU
		{C84836A5-AEDC-4EE3-99F0-78AEED50082D}.Debug|Any CPU.Build.0 = Debug|Any CPU
		{C84836A5-AEDC-4EE3-99F0-78AEED50082D}.Release|Any CPU.ActiveCfg = Release|Any CPU
		{C84836A5-AEDC-4EE3-99F0-78AEED50082D}.Release|Any CPU.Build.0 = Release|Any CPU
		{E46AA101-F93D-4D67-880E-04ACFC31DC6B}.Debug|Any CPU.ActiveCfg = Debug|Any CPU
		{E46AA101-F93D-4D67-880E-04ACFC31DC6B}.Debug|Any CPU.Build.0 = Debug|Any CPU
		{E46AA101-F93D-4D67-880E-04ACFC31DC6B}.Release|Any CPU.ActiveCfg = Release|Any CPU
		{E46AA101-F93D-4D67-880E-04ACFC31DC6B}.Release|Any CPU.Build.0 = Release|Any CPU
		{9F4D7B3B-A87F-422E-9BC0-0DAC879665FC}.Debug|Any CPU.ActiveCfg = Debug|Any CPU
		{9F4D7B3B-A87F-422E-9BC0-0DAC879665FC}.Debug|Any CPU.Build.0 = Debug|Any CPU
		{9F4D7B3B-A87F-422E-9BC0-0DAC879665FC}.Release|Any CPU.ActiveCfg = Release|Any CPU
		{9F4D7B3B-A87F-422E-9BC0-0DAC879665FC}.Release|Any CPU.Build.0 = Release|Any CPU
		{17BE0DFC-4EAE-4B53-805C-2A53CFD26763}.Debug|Any CPU.ActiveCfg = Debug|Any CPU
		{17BE0DFC-4EAE-4B53-805C-2A53CFD26763}.Debug|Any CPU.Build.0 = Debug|Any CPU
		{17BE0DFC-4EAE-4B53-805C-2A53CFD26763}.Release|Any CPU.ActiveCfg = Release|Any CPU
		{17BE0DFC-4EAE-4B53-805C-2A53CFD26763}.Release|Any CPU.Build.0 = Release|Any CPU
		{240B59CE-8C27-47B4-AED4-19DBA03E71B0}.Debug|Any CPU.ActiveCfg = Debug|Any CPU
		{240B59CE-8C27-47B4-AED4-19DBA03E71B0}.Debug|Any CPU.Build.0 = Debug|Any CPU
		{240B59CE-8C27-47B4-AED4-19DBA03E71B0}.Release|Any CPU.ActiveCfg = Release|Any CPU
		{240B59CE-8C27-47B4-AED4-19DBA03E71B0}.Release|Any CPU.Build.0 = Release|Any CPU
	EndGlobalSection
	GlobalSection(NestedProjects) = preSolution
		{6564FCB7-88BB-4A79-BD1E-0B00F842C31A} = {C353A773-2349-4607-90B5-75DE48685B87}
		{02BE7008-8009-4A99-AAE9-1BD2DAEE466C} = {C353A773-2349-4607-90B5-75DE48685B87}
		{31D2C711-DBD8-43EF-9575-D27A07FDCB3F} = {76363659-596F-4597-A1D1-6B4FA8EBAC6D}
		{AE047C51-74CC-4967-BE55-8C261182F3DA} = {76363659-596F-4597-A1D1-6B4FA8EBAC6D}
		{ECA94A7E-5516-4D9E-8355-D41C6D091841} = {76363659-596F-4597-A1D1-6B4FA8EBAC6D}
		{4277B100-E301-4AC5-A1DE-9E0E9F872252} = {76363659-596F-4597-A1D1-6B4FA8EBAC6D}
		{47B228CB-FF43-4F7B-9BD2-4112544A2BB0} = {76363659-596F-4597-A1D1-6B4FA8EBAC6D}
		{2A1D7305-C25F-4FDC-811F-1C23C1405CDC} = {76363659-596F-4597-A1D1-6B4FA8EBAC6D}
		{35986278-736F-46EE-9FAF-075AFD82BFB8} = {76363659-596F-4597-A1D1-6B4FA8EBAC6D}
		{3A36DEBB-7D92-40AF-9518-B63FEBAAE0AA} = {76363659-596F-4597-A1D1-6B4FA8EBAC6D}
		{941E30F3-9928-4FB8-9119-2A5FA98B6624} = {76363659-596F-4597-A1D1-6B4FA8EBAC6D}
		{C48AA367-39CF-4332-AD0B-54579CB28977} = {76363659-596F-4597-A1D1-6B4FA8EBAC6D}
		{E4F7A30A-4EA5-48CA-BC13-081A3E14AC00} = {76363659-596F-4597-A1D1-6B4FA8EBAC6D}
		{7138BD55-2864-4F0B-AC59-277B4377C357} = {76363659-596F-4597-A1D1-6B4FA8EBAC6D}
		{68FA67CA-0CB8-413B-AC3C-82C9B6ECB6DE} = {76363659-596F-4597-A1D1-6B4FA8EBAC6D}
		{9E8F46DC-868B-42D3-B3A5-CFC084C5C904} = {76363659-596F-4597-A1D1-6B4FA8EBAC6D}
		{C84836A5-AEDC-4EE3-99F0-78AEED50082D} = {76363659-596F-4597-A1D1-6B4FA8EBAC6D}
		{E46AA101-F93D-4D67-880E-04ACFC31DC6B} = {76363659-596F-4597-A1D1-6B4FA8EBAC6D}
		{9F4D7B3B-A87F-422E-9BC0-0DAC879665FC} = {76363659-596F-4597-A1D1-6B4FA8EBAC6D}
		{17BE0DFC-4EAE-4B53-805C-2A53CFD26763} = {76363659-596F-4597-A1D1-6B4FA8EBAC6D}
		{240B59CE-8C27-47B4-AED4-19DBA03E71B0} = {76363659-596F-4597-A1D1-6B4FA8EBAC6D}
	EndGlobalSection
EndGlobal
